
Microsoft Visual Studio Solution File, Format Version 12.00
# Visual Studio Version 17
VisualStudioVersion = 17.4.33103.184
MinimumVisualStudioVersion = 10.0.40219.1
Project("{9A19103F-16F7-4668-BE54-9A1E7A4F7556}") = "Vista", "practica_pt3c\Vista.csproj", "{3BC4593A-9180-49CF-9E6F-C74B437B84C6}"
EndProject
Project("{9A19103F-16F7-4668-BE54-9A1E7A4F7556}") = "Model", "Model\Model.csproj", "{220589DC-A330-4E25-88C5-A51B21309B72}"
EndProject
Project("{FAE04EC0-301F-11D3-BF4B-00C04F79EFBC}") = "Controlador", "Controlador\Controlador.csproj", "{0F711A7A-B076-4DC6-A801-EDB908C74680}"
EndProject
Global
	GlobalSection(SolutionConfigurationPlatforms) = preSolution
		Debug|Any CPU = Debug|Any CPU
		Release|Any CPU = Release|Any CPU
	EndGlobalSection
	GlobalSection(ProjectConfigurationPlatforms) = postSolution
		{3BC4593A-9180-49CF-9E6F-C74B437B84C6}.Debug|Any CPU.ActiveCfg = Debug|Any CPU
		{3BC4593A-9180-49CF-9E6F-C74B437B84C6}.Debug|Any CPU.Build.0 = Debug|Any CPU
		{3BC4593A-9180-49CF-9E6F-C74B437B84C6}.Release|Any CPU.ActiveCfg = Release|Any CPU
		{3BC4593A-9180-49CF-9E6F-C74B437B84C6}.Release|Any CPU.Build.0 = Release|Any CPU
		{220589DC-A330-4E25-88C5-A51B21309B72}.Debug|Any CPU.ActiveCfg = Debug|Any CPU
		{220589DC-A330-4E25-88C5-A51B21309B72}.Debug|Any CPU.Build.0 = Debug|Any CPU
		{220589DC-A330-4E25-88C5-A51B21309B72}.Release|Any CPU.ActiveCfg = Release|Any CPU
		{220589DC-A330-4E25-88C5-A51B21309B72}.Release|Any CPU.Build.0 = Release|Any CPU
		{0F711A7A-B076-4DC6-A801-EDB908C74680}.Debug|Any CPU.ActiveCfg = Debug|Any CPU
		{0F711A7A-B076-4DC6-A801-EDB908C74680}.Debug|Any CPU.Build.0 = Debug|Any CPU
		{0F711A7A-B076-4DC6-A801-EDB908C74680}.Release|Any CPU.ActiveCfg = Release|Any CPU
		{0F711A7A-B076-4DC6-A801-EDB908C74680}.Release|Any CPU.Build.0 = Release|Any CPU
	EndGlobalSection
	GlobalSection(SolutionProperties) = preSolution
		HideSolutionNode = FALSE
	EndGlobalSection
	GlobalSection(ExtensibilityGlobals) = postSolution
		SolutionGuid = {54484825-84C9-4950-A23B-73AACD270E3F}
	EndGlobalSection
EndGlobal
